
Microsoft Visual Studio Solution File, Format Version 12.00
# Visual Studio Version 16
VisualStudioVersion = 25.0.1704.2
MinimumVisualStudioVersion = 10.0.40219.1
Project("{FAE04EC0-301F-11D3-BF4B-00C04F79EFBC}") = "FileUploadTests", "FileUploadTests.csproj", "{204E13FA-F8C1-4986-AE65-D35C1E5306A4}"
EndProject
Global
	GlobalSection(SolutionConfigurationPlatforms) = preSolution
		Debug|Any CPU = Debug|Any CPU
		Release|Any CPU = Release|Any CPU
	EndGlobalSection
	GlobalSection(ProjectConfigurationPlatforms) = postSolution
		{204E13FA-F8C1-4986-AE65-D35C1E5306A4}.Debug|Any CPU.ActiveCfg = Debug|Any CPU
		{204E13FA-F8C1-4986-AE65-D35C1E5306A4}.Debug|Any CPU.Build.0 = Debug|Any CPU
		{204E13FA-F8C1-4986-AE65-D35C1E5306A4}.Release|Any CPU.ActiveCfg = Release|Any CPU
		{204E13FA-F8C1-4986-AE65-D35C1E5306A4}.Release|Any CPU.Build.0 = Release|Any CPU
	EndGlobalSection
	GlobalSection(SolutionProperties) = preSolution
		HideSolutionNode = FALSE
	EndGlobalSection
	GlobalSection(ExtensibilityGlobals) = postSolution
		SolutionGuid = {68C8E4ED-7D12-49B3-A80A-2C2C85E2303B}
	EndGlobalSection
EndGlobal
